
Microsoft Visual Studio Solution File, Format Version 12.00
# Visual Studio Version 17
VisualStudioVersion = 17.6.33815.320
MinimumVisualStudioVersion = 10.0.40219.1
Project("{FAE04EC0-301F-11D3-BF4B-00C04F79EFBC}") = "TelegramFinancialGameBot", "TelegramFinancialGameBot\TelegramFinancialGameBot.csproj", "{07F79754-0143-4BEA-8D20-981611BCC242}"
EndProject
Global
	GlobalSection(SolutionConfigurationPlatforms) = preSolution
		Debug|Any CPU = Debug|Any CPU
		Release|Any CPU = Release|Any CPU
	EndGlobalSection
	GlobalSection(ProjectConfigurationPlatforms) = postSolution
		{07F79754-0143-4BEA-8D20-981611BCC242}.Debug|Any CPU.ActiveCfg = Debug|Any CPU
		{07F79754-0143-4BEA-8D20-981611BCC242}.Debug|Any CPU.Build.0 = Debug|Any CPU
		{07F79754-0143-4BEA-8D20-981611BCC242}.Release|Any CPU.ActiveCfg = Release|Any CPU
		{07F79754-0143-4BEA-8D20-981611BCC242}.Release|Any CPU.Build.0 = Release|Any CPU
	EndGlobalSection
	GlobalSection(SolutionProperties) = preSolution
		HideSolutionNode = FALSE
	EndGlobalSection
	GlobalSection(ExtensibilityGlobals) = postSolution
		SolutionGuid = {F66062F8-6F69-47FA-96BF-F46EC600B836}
	EndGlobalSection
EndGlobal
